
Microsoft Visual Studio Solution File, Format Version 12.00
# Visual Studio Version 16
VisualStudioVersion = 25.0.1706.14
MinimumVisualStudioVersion = 10.0.40219.1
Project("{FAE04EC0-301F-11D3-BF4B-00C04F79EFBC}") = "efDBProject", "efDBProject\efDBProject.csproj", "{AC681459-0DBC-4505-BCF7-CE14000F5931}"
EndProject
Global
	GlobalSection(SolutionConfigurationPlatforms) = preSolution
		Debug|Any CPU = Debug|Any CPU
		Release|Any CPU = Release|Any CPU
	EndGlobalSection
	GlobalSection(ProjectConfigurationPlatforms) = postSolution
		{AC681459-0DBC-4505-BCF7-CE14000F5931}.Debug|Any CPU.ActiveCfg = Debug|Any CPU
		{AC681459-0DBC-4505-BCF7-CE14000F5931}.Debug|Any CPU.Build.0 = Debug|Any CPU
		{AC681459-0DBC-4505-BCF7-CE14000F5931}.Release|Any CPU.ActiveCfg = Release|Any CPU
		{AC681459-0DBC-4505-BCF7-CE14000F5931}.Release|Any CPU.Build.0 = Release|Any CPU
	EndGlobalSection
	GlobalSection(SolutionProperties) = preSolution
		HideSolutionNode = FALSE
	EndGlobalSection
	GlobalSection(ExtensibilityGlobals) = postSolution
		SolutionGuid = {26745941-9CDB-4D34-A676-F4F9142084BE}
	EndGlobalSection
EndGlobal
